github.com/authfully/authfully v0.0.0-20250425075723-f635bbeb9c36 h1:X4QPJU0LvVp9SM+9XLZiEX95aIVXJcp11liBGBSP3iY=
github.com/authfully/authfully v0.0.0-20250425075723-f635bbeb9c36/go.mod h1:q2kA2V+vPGnz4/x/QkFYGoXrO8fqGhpG8YWvmTJ9RvE=
github.com/authfully/authfully v0.0.0-20250425081145-cdde51ea1548 h1:xzVDjY2MKddG9VOmkNgq3thiui3+syyd+OfSsOWhSuw=
github.com/authfully/authfully v0.0.0-20250425081145-cdde51ea1548/go.mod h1:q2kA2V+vPGnz4/x/QkFYGoXrO8fqGhpG8YWvmTJ9RvE=
github.com/authfully/authfully v0.0.0-20250425091639-cd477a614d4e h1:YUO7y2kfVWrrNM2CyfPYyWSBVf2+/nKC00AUCKKAP88=
github.com/authfully/authfully v0.0.0-20250425091639-cd477a614d4e/go.mod h1:q2kA2V+vPGnz4/x/QkFYGoXrO8fqGhpG8YWvmTJ9RvE=
github.com/authfully/authfully v0.0.0-20250425091903-f48e092a8d69 h1:UZc+M8ZHYaEtIvnUz3geVLrWTvWr3rdZYqIAzaZqHp8=
github.com/authfully/authfully v0.0.0-20250425091903-f48e092a8d69/go.mod h1:q2kA2V+vPGnz4/x/QkFYGoXrO8fqGhpG8YWvmTJ9RvE=
github.com/authfully/authfully v0.0.0-20250425152408-742fab73db34 h1:ru+9KFsIdd0GQW4UZddkvUWNECGBslCofyxzkl7uezw=
github.com/authfully/authfully v0.0.0-20250425152408-742fab73db34/go.mod h1:q2kA2V+vPGnz4/x/QkFYGoXrO8fqGhpG8YWvmTJ9RvE=
github.com/authfully/authfully v0.0.0-20250425153844-2dd236a58413 h1:RJF24gos5ZJcKTqoWoyZ9hWpLmWqnUEBwoMwXDIYwVY=
github.com/authfully/authfully v0.0.0-20250425153844-2dd236a58413/go.mod h1:q2kA2V+vPGnz4/x/QkFYGoXrO8fqGhpG8YWvmTJ9RvE=
github.com/cpuguy83/go-md2man/v2 v2.0.7 h1:zbFlGlXEAKlwXpmvle3d8Oe3YnkKIK4xSRTd3sHPnBo=
github.com/cpuguy83/go-md2man/v2 v2.0.7/go.mod h1:oOW0eioCTA6cOiMLiUPZOpcVxMig6NIQQ7OS05n1F4g=
github.com/google/uuid v1.6.0 h1:NIvaJDMOsjHA8n1jAhLSgzrAzy1Hgr+hNrb57e+94F0=
github.com/google/uuid v1.6.0/go.mod h1:TIyPZe4MgqvfeYDBFedMoGGpEw/LqOeaOT+nhxU+yHo=
github.com/jinzhu/inflection v1.0.0 h1:K317FqzuhWc8YvSVlFMCCUb36O/S9MCKRDI7QkRKD/E=
github.com/jinzhu/inflection v1.0.0/go.mod h1:h+uFLlag+Qp1Va5pdKtLDYj+kHp5pxUVkryuEj+Srlc=
github.com/jinzhu/now v1.1.5 h1:/o9tlHleP7gOFmsnYNz3RGnqzefHA47wQpKrrdTIwXQ=
github.com/jinzhu/now v1.1.5/go.mod h1:d3SSVoowX0Lcu0IBviAWJpolVfI5UJVZZ7cO71lE/z8=
github.com/joho/godotenv v1.5.1 h1:7eLL/+HRGLY0ldzfGMeQkb7vMd0as4CfYvUVzLqw0N0=
github.com/joho/godotenv v1.5.1/go.mod h1:f4LDr5Voq0i2e/R5DDNOoa2zzDfwtkZa6DnEwAbqwq4=
github.com/mattn/go-sqlite3 v1.14.22 h1:2gZY6PC6kBnID23Tichd1K+Z0oS6nE/XwU+Vz/5o4kU=
github.com/mattn/go-sqlite3 v1.14.22/go.mod h1:Uh1q+B4BYcTPb+yiD3kU8Ct7aC0hY9fxUwlHK0RXw+Y=
github.com/russross/blackfriday/v2 v2.1.0 h1:JIOH55/0cWyOuilr9/qlrm0BSXldqnqwMsf35Ld67mk=
github.com/russross/blackfriday/v2 v2.1.0/go.mod h1:+Rmxgy9KzJVeS9/2gXHxylqXiyQDYRxCVz55jmeOWTM=
github.com/urfave/cli/v2 v2.27.6 h1:VdRdS98FNhKZ8/Az8B7MTyGQmpIr36O1EHybx/LaZ4g=
github.com/urfave/cli/v2 v2.27.6/go.mod h1:3Sevf16NykTbInEnD0yKkjDAeZDS0A6bzhBH5hrMvTQ=
github.com/xrash/smetrics v0.0.0-20240521201337-686a1a2994c1 h1:gEOO8jv9F4OT7lGCjxCBTO/36wtF6j2nSip77qHd4x4=
github.com/xrash/smetrics v0.0.0-20240521201337-686a1a2994c1/go.mod h1:Ohn+xnUBiLI6FVj/9LpzZWtj1/D6lUovWYBkxHVV3aM=
golang.org/x/crypto v0.38.0 h1:jt+WWG8IZlBnVbomuhg2Mdq0+BBQaHbtqHEFEigjUV8=
golang.org/x/crypto v0.38.0/go.mod h1:MvrbAqul58NNYPKnOra203SB9vpuZW0e+RRZV+Ggqjw=
golang.org/x/text v0.14.0 h1:ScX5w1eTa3QqT8oi6+ziP7dTV1S2+ALU0bI+0zXKWiQ=
golang.org/x/text v0.14.0/go.mod h1:18ZOQIKpY8NJVqYksKHtTdi31H5itFRjB5/qKTNYzSU=
golang.org/x/text v0.25.0 h1:qVyWApTSYLk/drJRO5mDlNYskwQznZmkpV2c8q9zls4=
golang.org/x/text v0.25.0/go.mod h1:WEdwpYrmk1qmdHvhkSTNPm3app7v4rsT8F2UD6+VHIA=
gorm.io/driver/sqlite v1.5.7 h1:8NvsrhP0ifM7LX9G4zPB97NwovUakUxc+2V2uuf3Z1I=
gorm.io/driver/sqlite v1.5.7/go.mod h1:U+J8craQU6Fzkcvu8oLeAQmi50TkwPEhHDEjQZXDah4=
gorm.io/gorm v1.25.12 h1:I0u8i2hWQItBq1WfE0o2+WuL9+8L21K9e2HHSTE/0f8=
gorm.io/gorm v1.25.12/go.mod h1:xh7N7RHfYlNc5EmcI/El95gXusucDrQnHXe0+CgWcLQ=
